// !$*UTF8*$!
{
	archiveVersion = 1;
	classes = {
	};
	objectVersion = 51;
	objects = {

/* Begin PBXBuildFile section */
		02C711D84122E8807AC84214 /* Pods_GithubUsersTests.framework in Frameworks */ = {isa = PBXBuildFile; fileRef = C635C2AAF412FAE7F141E5D5 /* Pods_GithubUsersTests.framework */; };
		324228F126C3B6C4002B450A /* GithubUserCache+CoreDataClass.swift in Sources */ = {isa = PBXBuildFile; fileRef = 324228EF26C3B6C4002B450A /* GithubUserCache+CoreDataClass.swift */; };
		324228F226C3B6C4002B450A /* GithubUserCache+CoreDataProperties.swift in Sources */ = {isa = PBXBuildFile; fileRef = 324228F026C3B6C4002B450A /* GithubUserCache+CoreDataProperties.swift */; };
		324228F426C3BAA1002B450A /* CoreDataManager.swift in Sources */ = {isa = PBXBuildFile; fileRef = 324228F326C3BAA1002B450A /* CoreDataManager.swift */; };
		32754BD026C22CBA009C1D15 /* AppDelegate.swift in Sources */ = {isa = PBXBuildFile; fileRef = 32754BCF26C22CBA009C1D15 /* AppDelegate.swift */; };
		32754BD226C22CBA009C1D15 /* SceneDelegate.swift in Sources */ = {isa = PBXBuildFile; fileRef = 32754BD126C22CBA009C1D15 /* SceneDelegate.swift */; };
		32754BDA26C22CBB009C1D15 /* GithubUsers.xcdatamodeld in Sources */ = {isa = PBXBuildFile; fileRef = 32754BD826C22CBA009C1D15 /* GithubUsers.xcdatamodeld */; };
		32754BDC26C22CBD009C1D15 /* Assets.xcassets in Resources */ = {isa = PBXBuildFile; fileRef = 32754BDB26C22CBD009C1D15 /* Assets.xcassets */; };
		32754BDF26C22CBD009C1D15 /* LaunchScreen.storyboard in Resources */ = {isa = PBXBuildFile; fileRef = 32754BDD26C22CBD009C1D15 /* LaunchScreen.storyboard */; };
		32754BEA26C22CBE009C1D15 /* GithubUsersTests.swift in Sources */ = {isa = PBXBuildFile; fileRef = 32754BE926C22CBE009C1D15 /* GithubUsersTests.swift */; };
		32754BF526C22CBE009C1D15 /* GithubUsersUITests.swift in Sources */ = {isa = PBXBuildFile; fileRef = 32754BF426C22CBE009C1D15 /* GithubUsersUITests.swift */; };
		32754C0F26C24774009C1D15 /* UserListViewModel.swift in Sources */ = {isa = PBXBuildFile; fileRef = 32754C0E26C24774009C1D15 /* UserListViewModel.swift */; };
		32754C1126C24774009C1D15 /* UserListViewController.swift in Sources */ = {isa = PBXBuildFile; fileRef = 32754C0B26C24773009C1D15 /* UserListViewController.swift */; };
		32754C1426C247AF009C1D15 /* BaseViewController.swift in Sources */ = {isa = PBXBuildFile; fileRef = 32754C1326C247AF009C1D15 /* BaseViewController.swift */; };
		32754C1926C248FA009C1D15 /* UIApplication+Extension.swift in Sources */ = {isa = PBXBuildFile; fileRef = 32754C1826C248FA009C1D15 /* UIApplication+Extension.swift */; };
		32754C1B26C2499B009C1D15 /* Reactive+Extensions.swift in Sources */ = {isa = PBXBuildFile; fileRef = 32754C1A26C2499B009C1D15 /* Reactive+Extensions.swift */; };
		32754C1F26C24BED009C1D15 /* UserListViewController.xib in Resources */ = {isa = PBXBuildFile; fileRef = 32754C1D26C24BED009C1D15 /* UserListViewController.xib */; };
		32754C2226C24DC9009C1D15 /* UserListService.swift in Sources */ = {isa = PBXBuildFile; fileRef = 32754C2126C24DC9009C1D15 /* UserListService.swift */; };
		32754C2726C24E75009C1D15 /* User.swift in Sources */ = {isa = PBXBuildFile; fileRef = 32754C2626C24E75009C1D15 /* User.swift */; };
		32754C2A26C251E5009C1D15 /* UserListRemoteRepository.swift in Sources */ = {isa = PBXBuildFile; fileRef = 32754C2926C251E5009C1D15 /* UserListRemoteRepository.swift */; };
		32754C2C26C25200009C1D15 /* UserListLocalRepository.swift in Sources */ = {isa = PBXBuildFile; fileRef = 32754C2B26C25200009C1D15 /* UserListLocalRepository.swift */; };
		32754C2E26C2521B009C1D15 /* UserListRepository.swift in Sources */ = {isa = PBXBuildFile; fileRef = 32754C2D26C2521B009C1D15 /* UserListRepository.swift */; };
		32754C4426C254D2009C1D15 /* NetworkHelper.swift in Sources */ = {isa = PBXBuildFile; fileRef = 32754C4326C254D2009C1D15 /* NetworkHelper.swift */; };
		32754C4626C257D9009C1D15 /* RequestError.swift in Sources */ = {isa = PBXBuildFile; fileRef = 32754C4526C257D9009C1D15 /* RequestError.swift */; };
		32754C4826C2588F009C1D15 /* Failure.swift in Sources */ = {isa = PBXBuildFile; fileRef = 32754C4726C2588F009C1D15 /* Failure.swift */; };
		32754C5626C26F1F009C1D15 /* GithubUserCell.swift in Sources */ = {isa = PBXBuildFile; fileRef = 32754C5426C26F1F009C1D15 /* GithubUserCell.swift */; };
		32754C5726C26F1F009C1D15 /* GithubUserCell.xib in Resources */ = {isa = PBXBuildFile; fileRef = 32754C5526C26F1F009C1D15 /* GithubUserCell.xib */; };
		32754C5926C2721D009C1D15 /* UIImageView+Extensions.swift in Sources */ = {isa = PBXBuildFile; fileRef = 32754C5826C2721D009C1D15 /* UIImageView+Extensions.swift */; };
		32754C5B26C27402009C1D15 /* UICollectionView+Extensions.swift in Sources */ = {isa = PBXBuildFile; fileRef = 32754C5A26C27402009C1D15 /* UICollectionView+Extensions.swift */; };
		3299F30726C38F8400424BED /* CompositionRoot.swift in Sources */ = {isa = PBXBuildFile; fileRef = 3299F30626C38F8400424BED /* CompositionRoot.swift */; };
		32B1581526C28DE600ED7CC8 /* UserDetailViewModel.swift in Sources */ = {isa = PBXBuildFile; fileRef = 32B1581326C28DE500ED7CC8 /* UserDetailViewModel.swift */; };
		32B1581726C28DE600ED7CC8 /* UserDetailViewController.swift in Sources */ = {isa = PBXBuildFile; fileRef = 32B1581226C28DE500ED7CC8 /* UserDetailViewController.swift */; };
		32B1581B26C28E3300ED7CC8 /* UserDetailViewController.xib in Resources */ = {isa = PBXBuildFile; fileRef = 32B1581926C28E3300ED7CC8 /* UserDetailViewController.xib */; };
		32B1581E26C28EFE00ED7CC8 /* UserDetailService.swift in Sources */ = {isa = PBXBuildFile; fileRef = 32B1581D26C28EFE00ED7CC8 /* UserDetailService.swift */; };
		32B1582026C28F6A00ED7CC8 /* UserDetailRemoteRepository.swift in Sources */ = {isa = PBXBuildFile; fileRef = 32B1581F26C28F6A00ED7CC8 /* UserDetailRemoteRepository.swift */; };
		32B1582226C28F7900ED7CC8 /* UserDetailLocalRepository.swift in Sources */ = {isa = PBXBuildFile; fileRef = 32B1582126C28F7900ED7CC8 /* UserDetailLocalRepository.swift */; };
		32B1582426C28FC200ED7CC8 /* UserDetailRepository.swift in Sources */ = {isa = PBXBuildFile; fileRef = 32B1582326C28FC200ED7CC8 /* UserDetailRepository.swift */; };
		425D04B4B7B257A2C566F1BE /* Pods_GithubUsers_GithubUsersUITests.framework in Frameworks */ = {isa = PBXBuildFile; fileRef = C701E325C5ABDB85377DD067 /* Pods_GithubUsers_GithubUsersUITests.framework */; };
		717211227DAACFFCB9F881FF /* Pods_GithubUsers.framework in Frameworks */ = {isa = PBXBuildFile; fileRef = F5093FF3E872FCF8717C5803 /* Pods_GithubUsers.framework */; };
/* End PBXBuildFile section */

/* Begin PBXContainerItemProxy section */
		32754BE626C22CBE009C1D15 /* PBXContainerItemProxy */ = {
			isa = PBXContainerItemProxy;
			containerPortal = 32754BC426C22CBA009C1D15 /* Project object */;
			proxyType = 1;
			remoteGlobalIDString = 32754BCB26C22CBA009C1D15;
			remoteInfo = GithubUsers;
		};
		32754BF126C22CBE009C1D15 /* PBXContainerItemProxy */ = {
			isa = PBXContainerItemProxy;
			containerPortal = 32754BC426C22CBA009C1D15 /* Project object */;
			proxyType = 1;
			remoteGlobalIDString = 32754BCB26C22CBA009C1D15;
			remoteInfo = GithubUsers;
		};
/* End PBXContainerItemProxy section */

/* Begin PBXFileReference section */
		11BC39030F69E80406A7779A /* Pods-GithubUsers-GithubUsersUITests.debug.xcconfig */ = {isa = PBXFileReference; includeInIndex = 1; lastKnownFileType = text.xcconfig; name = "Pods-GithubUsers-GithubUsersUITests.debug.xcconfig"; path = "Target Support Files/Pods-GithubUsers-GithubUsersUITests/Pods-GithubUsers-GithubUsersUITests.debug.xcconfig"; sourceTree = "<group>"; };
		324228EF26C3B6C4002B450A /* GithubUserCache+CoreDataClass.swift */ = {isa = PBXFileReference; lastKnownFileType = sourcecode.swift; path = "GithubUserCache+CoreDataClass.swift"; sourceTree = SOURCE_ROOT; };
		324228F026C3B6C4002B450A /* GithubUserCache+CoreDataProperties.swift */ = {isa = PBXFileReference; lastKnownFileType = sourcecode.swift; path = "GithubUserCache+CoreDataProperties.swift"; sourceTree = SOURCE_ROOT; };
		324228F326C3BAA1002B450A /* CoreDataManager.swift */ = {isa = PBXFileReference; lastKnownFileType = sourcecode.swift; path = CoreDataManager.swift; sourceTree = "<group>"; };
		32754BCC26C22CBA009C1D15 /* GithubUsers.app */ = {isa = PBXFileReference; explicitFileType = wrapper.application; includeInIndex = 0; path = GithubUsers.app; sourceTree = BUILT_PRODUCTS_DIR; };
		32754BCF26C22CBA009C1D15 /* AppDelegate.swift */ = {isa = PBXFileReference; lastKnownFileType = sourcecode.swift; path = AppDelegate.swift; sourceTree = "<group>"; };
		32754BD126C22CBA009C1D15 /* SceneDelegate.swift */ = {isa = PBXFileReference; lastKnownFileType = sourcecode.swift; path = SceneDelegate.swift; sourceTree = "<group>"; };
		32754BD926C22CBA009C1D15 /* GithubUsers.xcdatamodel */ = {isa = PBXFileReference; lastKnownFileType = wrapper.xcdatamodel; path = GithubUsers.xcdatamodel; sourceTree = "<group>"; };
		32754BDB26C22CBD009C1D15 /* Assets.xcassets */ = {isa = PBXFileReference; lastKnownFileType = folder.assetcatalog; path = Assets.xcassets; sourceTree = "<group>"; };
		32754BDE26C22CBD009C1D15 /* Base */ = {isa = PBXFileReference; lastKnownFileType = file.storyboard; name = Base; path = Base.lproj/LaunchScreen.storyboard; sourceTree = "<group>"; };
		32754BE026C22CBD009C1D15 /* Info.plist */ = {isa = PBXFileReference; lastKnownFileType = text.plist.xml; path = Info.plist; sourceTree = "<group>"; };
		32754BE526C22CBE009C1D15 /* GithubUsersTests.xctest */ = {isa = PBXFileReference; explicitFileType = wrapper.cfbundle; includeInIndex = 0; path = GithubUsersTests.xctest; sourceTree = BUILT_PRODUCTS_DIR; };
		32754BE926C22CBE009C1D15 /* GithubUsersTests.swift */ = {isa = PBXFileReference; lastKnownFileType = sourcecode.swift; path = GithubUsersTests.swift; sourceTree = "<group>"; };
		32754BEB26C22CBE009C1D15 /* Info.plist */ = {isa = PBXFileReference; lastKnownFileType = text.plist.xml; path = Info.plist; sourceTree = "<group>"; };
		32754BF026C22CBE009C1D15 /* GithubUsersUITests.xctest */ = {isa = PBXFileReference; explicitFileType = wrapper.cfbundle; includeInIndex = 0; path = GithubUsersUITests.xctest; sourceTree = BUILT_PRODUCTS_DIR; };
		32754BF426C22CBE009C1D15 /* GithubUsersUITests.swift */ = {isa = PBXFileReference; lastKnownFileType = sourcecode.swift; path = GithubUsersUITests.swift; sourceTree = "<group>"; };
		32754BF626C22CBE009C1D15 /* Info.plist */ = {isa = PBXFileReference; lastKnownFileType = text.plist.xml; path = Info.plist; sourceTree = "<group>"; };
		32754C0B26C24773009C1D15 /* UserListViewController.swift */ = {isa = PBXFileReference; lastKnownFileType = sourcecode.swift; path = UserListViewController.swift; sourceTree = "<group>"; };
		32754C0E26C24774009C1D15 /* UserListViewModel.swift */ = {isa = PBXFileReference; lastKnownFileType = sourcecode.swift; path = UserListViewModel.swift; sourceTree = "<group>"; };
		32754C1326C247AF009C1D15 /* BaseViewController.swift */ = {isa = PBXFileReference; lastKnownFileType = sourcecode.swift; path = BaseViewController.swift; sourceTree = "<group>"; };
		32754C1826C248FA009C1D15 /* UIApplication+Extension.swift */ = {isa = PBXFileReference; lastKnownFileType = sourcecode.swift; path = "UIApplication+Extension.swift"; sourceTree = "<group>"; };
		32754C1A26C2499B009C1D15 /* Reactive+Extensions.swift */ = {isa = PBXFileReference; lastKnownFileType = sourcecode.swift; path = "Reactive+Extensions.swift"; sourceTree = "<group>"; };
		32754C1D26C24BED009C1D15 /* UserListViewController.xib */ = {isa = PBXFileReference; lastKnownFileType = file.xib; path = UserListViewController.xib; sourceTree = "<group>"; };
		32754C2126C24DC9009C1D15 /* UserListService.swift */ = {isa = PBXFileReference; lastKnownFileType = sourcecode.swift; path = UserListService.swift; sourceTree = "<group>"; };
		32754C2626C24E75009C1D15 /* User.swift */ = {isa = PBXFileReference; lastKnownFileType = sourcecode.swift; path = User.swift; sourceTree = "<group>"; };
		32754C2926C251E5009C1D15 /* UserListRemoteRepository.swift */ = {isa = PBXFileReference; lastKnownFileType = sourcecode.swift; path = UserListRemoteRepository.swift; sourceTree = "<group>"; };
		32754C2B26C25200009C1D15 /* UserListLocalRepository.swift */ = {isa = PBXFileReference; lastKnownFileType = sourcecode.swift; path = UserListLocalRepository.swift; sourceTree = "<group>"; };
		32754C2D26C2521B009C1D15 /* UserListRepository.swift */ = {isa = PBXFileReference; lastKnownFileType = sourcecode.swift; path = UserListRepository.swift; sourceTree = "<group>"; };
		32754C4326C254D2009C1D15 /* NetworkHelper.swift */ = {isa = PBXFileReference; lastKnownFileType = sourcecode.swift; path = NetworkHelper.swift; sourceTree = "<group>"; };
		32754C4526C257D9009C1D15 /* RequestError.swift */ = {isa = PBXFileReference; lastKnownFileType = sourcecode.swift; path = RequestError.swift; sourceTree = "<group>"; };
		32754C4726C2588F009C1D15 /* Failure.swift */ = {isa = PBXFileReference; lastKnownFileType = sourcecode.swift; path = Failure.swift; sourceTree = "<group>"; };
		32754C5426C26F1F009C1D15 /* GithubUserCell.swift */ = {isa = PBXFileReference; lastKnownFileType = sourcecode.swift; path = GithubUserCell.swift; sourceTree = "<group>"; };
		32754C5526C26F1F009C1D15 /* GithubUserCell.xib */ = {isa = PBXFileReference; lastKnownFileType = file.xib; path = GithubUserCell.xib; sourceTree = "<group>"; };
		32754C5826C2721D009C1D15 /* UIImageView+Extensions.swift */ = {isa = PBXFileReference; lastKnownFileType = sourcecode.swift; path = "UIImageView+Extensions.swift"; sourceTree = "<group>"; };
		32754C5A26C27402009C1D15 /* UICollectionView+Extensions.swift */ = {isa = PBXFileReference; lastKnownFileType = sourcecode.swift; path = "UICollectionView+Extensions.swift"; sourceTree = "<group>"; };
		3299F30626C38F8400424BED /* CompositionRoot.swift */ = {isa = PBXFileReference; lastKnownFileType = sourcecode.swift; path = CompositionRoot.swift; sourceTree = "<group>"; };
		32B1581226C28DE500ED7CC8 /* UserDetailViewController.swift */ = {isa = PBXFileReference; lastKnownFileType = sourcecode.swift; path = UserDetailViewController.swift; sourceTree = "<group>"; };
		32B1581326C28DE500ED7CC8 /* UserDetailViewModel.swift */ = {isa = PBXFileReference; lastKnownFileType = sourcecode.swift; path = UserDetailViewModel.swift; sourceTree = "<group>"; };
		32B1581926C28E3300ED7CC8 /* UserDetailViewController.xib */ = {isa = PBXFileReference; lastKnownFileType = file.xib; path = UserDetailViewController.xib; sourceTree = "<group>"; };
		32B1581D26C28EFE00ED7CC8 /* UserDetailService.swift */ = {isa = PBXFileReference; lastKnownFileType = sourcecode.swift; path = UserDetailService.swift; sourceTree = "<group>"; };
		32B1581F26C28F6A00ED7CC8 /* UserDetailRemoteRepository.swift */ = {isa = PBXFileReference; lastKnownFileType = sourcecode.swift; path = UserDetailRemoteRepository.swift; sourceTree = "<group>"; };
		32B1582126C28F7900ED7CC8 /* UserDetailLocalRepository.swift */ = {isa = PBXFileReference; lastKnownFileType = sourcecode.swift; path = UserDetailLocalRepository.swift; sourceTree = "<group>"; };
		32B1582326C28FC200ED7CC8 /* UserDetailRepository.swift */ = {isa = PBXFileReference; lastKnownFileType = sourcecode.swift; path = UserDetailRepository.swift; sourceTree = "<group>"; };
		8C87437ADF0E1ADC754255F8 /* Pods-GithubUsers-GithubUsersUITests.release.xcconfig */ = {isa = PBXFileReference; includeInIndex = 1; lastKnownFileType = text.xcconfig; name = "Pods-GithubUsers-GithubUsersUITests.release.xcconfig"; path = "Target Support Files/Pods-GithubUsers-GithubUsersUITests/Pods-GithubUsers-GithubUsersUITests.release.xcconfig"; sourceTree = "<group>"; };
		8C919C7E9EBE004B88E33E78 /* Pods-GithubUsersTests.debug.xcconfig */ = {isa = PBXFileReference; includeInIndex = 1; lastKnownFileType = text.xcconfig; name = "Pods-GithubUsersTests.debug.xcconfig"; path = "Target Support Files/Pods-GithubUsersTests/Pods-GithubUsersTests.debug.xcconfig"; sourceTree = "<group>"; };
		93FC4B34ABC96A07B142DDB5 /* Pods-GithubUsers.debug.xcconfig */ = {isa = PBXFileReference; includeInIndex = 1; lastKnownFileType = text.xcconfig; name = "Pods-GithubUsers.debug.xcconfig"; path = "Target Support Files/Pods-GithubUsers/Pods-GithubUsers.debug.xcconfig"; sourceTree = "<group>"; };
		A764079EA86164ED2794DEAA /* Pods-GithubUsersTests.release.xcconfig */ = {isa = PBXFileReference; includeInIndex = 1; lastKnownFileType = text.xcconfig; name = "Pods-GithubUsersTests.release.xcconfig"; path = "Target Support Files/Pods-GithubUsersTests/Pods-GithubUsersTests.release.xcconfig"; sourceTree = "<group>"; };
		B2EDAC5D953D34701FFC0A19 /* Pods-GithubUsers.release.xcconfig */ = {isa = PBXFileReference; includeInIndex = 1; lastKnownFileType = text.xcconfig; name = "Pods-GithubUsers.release.xcconfig"; path = "Target Support Files/Pods-GithubUsers/Pods-GithubUsers.release.xcconfig"; sourceTree = "<group>"; };
		C635C2AAF412FAE7F141E5D5 /* Pods_GithubUsersTests.framework */ = {isa = PBXFileReference; explicitFileType = wrapper.framework; includeInIndex = 0; path = Pods_GithubUsersTests.framework; sourceTree = BUILT_PRODUCTS_DIR; };
		C701E325C5ABDB85377DD067 /* Pods_GithubUsers_GithubUsersUITests.framework */ = {isa = PBXFileReference; explicitFileType = wrapper.framework; includeInIndex = 0; path = Pods_GithubUsers_GithubUsersUITests.framework; sourceTree = BUILT_PRODUCTS_DIR; };
		F5093FF3E872FCF8717C5803 /* Pods_GithubUsers.framework */ = {isa = PBXFileReference; explicitFileType = wrapper.framework; includeInIndex = 0; path = Pods_GithubUsers.framework; sourceTree = BUILT_PRODUCTS_DIR; };
/* End PBXFileReference section */

/* Begin PBXFrameworksBuildPhase section */
		32754BC926C22CBA009C1D15 /* Frameworks */ = {
			isa = PBXFrameworksBuildPhase;
			buildActionMask = 2147483647;
			files = (
				717211227DAACFFCB9F881FF /* Pods_GithubUsers.framework in Frameworks */,
			);
			runOnlyForDeploymentPostprocessing = 0;
		};
		32754BE226C22CBE009C1D15 /* Frameworks */ = {
			isa = PBXFrameworksBuildPhase;
			buildActionMask = 2147483647;
			files = (
				02C711D84122E8807AC84214 /* Pods_GithubUsersTests.framework in Frameworks */,
			);
			runOnlyForDeploymentPostprocessing = 0;
		};
		32754BED26C22CBE009C1D15 /* Frameworks */ = {
			isa = PBXFrameworksBuildPhase;
			buildActionMask = 2147483647;
			files = (
				425D04B4B7B257A2C566F1BE /* Pods_GithubUsers_GithubUsersUITests.framework in Frameworks */,
			);
			runOnlyForDeploymentPostprocessing = 0;
		};
/* End PBXFrameworksBuildPhase section */

/* Begin PBXGroup section */
		32754BC326C22CBA009C1D15 = {
			isa = PBXGroup;
			children = (
				32754BCE26C22CBA009C1D15 /* GithubUsers */,
				32754BE826C22CBE009C1D15 /* GithubUsersTests */,
				32754BF326C22CBE009C1D15 /* GithubUsersUITests */,
				32754BCD26C22CBA009C1D15 /* Products */,
				710FD06F9959AF38A02793CE /* Pods */,
				899FFB0830DFA0A288012236 /* Frameworks */,
			);
			sourceTree = "<group>";
		};
		32754BCD26C22CBA009C1D15 /* Products */ = {
			isa = PBXGroup;
			children = (
				32754BCC26C22CBA009C1D15 /* GithubUsers.app */,
				32754BE526C22CBE009C1D15 /* GithubUsersTests.xctest */,
				32754BF026C22CBE009C1D15 /* GithubUsersUITests.xctest */,
			);
			name = Products;
			sourceTree = "<group>";
		};
		32754BCE26C22CBA009C1D15 /* GithubUsers */ = {
			isa = PBXGroup;
			children = (
				32754BD826C22CBA009C1D15 /* GithubUsers.xcdatamodeld */,
				32754C0326C22DA7009C1D15 /* SupportingFiles */,
				32754C1526C248A2009C1D15 /* Extensions */,
				32754C1226C24783009C1D15 /* Common */,
				32754C0526C22DDA009C1D15 /* Scenes */,
				32754C2326C24E57009C1D15 /* Models */,
				32754C4226C2549C009C1D15 /* Network */,
				32754C0226C22D93009C1D15 /* Resources */,
			);
			path = GithubUsers;
			sourceTree = "<group>";
		};
		32754BE826C22CBE009C1D15 /* GithubUsersTests */ = {
			isa = PBXGroup;
			children = (
				32754BE926C22CBE009C1D15 /* GithubUsersTests.swift */,
				32754BEB26C22CBE009C1D15 /* Info.plist */,
			);
			path = GithubUsersTests;
			sourceTree = "<group>";
		};
		32754BF326C22CBE009C1D15 /* GithubUsersUITests */ = {
			isa = PBXGroup;
			children = (
				32754BF426C22CBE009C1D15 /* GithubUsersUITests.swift */,
				32754BF626C22CBE009C1D15 /* Info.plist */,
			);
			path = GithubUsersUITests;
			sourceTree = "<group>";
		};
		32754C0226C22D93009C1D15 /* Resources */ = {
			isa = PBXGroup;
			children = (
				32754BDB26C22CBD009C1D15 /* Assets.xcassets */,
			);
			path = Resources;
			sourceTree = "<group>";
		};
		32754C0326C22DA7009C1D15 /* SupportingFiles */ = {
			isa = PBXGroup;
			children = (
				32754BCF26C22CBA009C1D15 /* AppDelegate.swift */,
				32754BD126C22CBA009C1D15 /* SceneDelegate.swift */,
				32754BE026C22CBD009C1D15 /* Info.plist */,
			);
			path = SupportingFiles;
			sourceTree = "<group>";
		};
		32754C0526C22DDA009C1D15 /* Scenes */ = {
			isa = PBXGroup;
			children = (
				32754C0826C2461B009C1D15 /* Splash */,
				32754C0726C2460F009C1D15 /* UserDetail */,
				32754C0626C24602009C1D15 /* UserList */,
			);
			path = Scenes;
			sourceTree = "<group>";
		};
		32754C0626C24602009C1D15 /* UserList */ = {
			isa = PBXGroup;
			children = (
				32754C5326C26EFD009C1D15 /* UIComponents */,
				32754C0B26C24773009C1D15 /* UserListViewController.swift */,
				32754C0E26C24774009C1D15 /* UserListViewModel.swift */,
				32754C1D26C24BED009C1D15 /* UserListViewController.xib */,
				32754C2826C251B6009C1D15 /* Repository */,
			);
			path = UserList;
			sourceTree = "<group>";
		};
		32754C0726C2460F009C1D15 /* UserDetail */ = {
			isa = PBXGroup;
			children = (
				32B1581226C28DE500ED7CC8 /* UserDetailViewController.swift */,
				32B1581326C28DE500ED7CC8 /* UserDetailViewModel.swift */,
				32B1581926C28E3300ED7CC8 /* UserDetailViewController.xib */,
				32B1581C26C28EE800ED7CC8 /* Repository */,
			);
			path = UserDetail;
			sourceTree = "<group>";
		};
		32754C0826C2461B009C1D15 /* Splash */ = {
			isa = PBXGroup;
			children = (
				32754BDD26C22CBD009C1D15 /* LaunchScreen.storyboard */,
			);
			path = Splash;
			sourceTree = "<group>";
		};
		32754C1226C24783009C1D15 /* Common */ = {
			isa = PBXGroup;
			children = (
				32754C1326C247AF009C1D15 /* BaseViewController.swift */,
				3299F30626C38F8400424BED /* CompositionRoot.swift */,
				324228F326C3BAA1002B450A /* CoreDataManager.swift */,
			);
			path = Common;
			sourceTree = "<group>";
		};
		32754C1526C248A2009C1D15 /* Extensions */ = {
			isa = PBXGroup;
			children = (
				32754C1826C248FA009C1D15 /* UIApplication+Extension.swift */,
				32754C1A26C2499B009C1D15 /* Reactive+Extensions.swift */,
				32754C5826C2721D009C1D15 /* UIImageView+Extensions.swift */,
				32754C5A26C27402009C1D15 /* UICollectionView+Extensions.swift */,
			);
			path = Extensions;
			sourceTree = "<group>";
		};
		32754C2326C24E57009C1D15 /* Models */ = {
			isa = PBXGroup;
			children = (
				324228EF26C3B6C4002B450A /* GithubUserCache+CoreDataClass.swift */,
				324228F026C3B6C4002B450A /* GithubUserCache+CoreDataProperties.swift */,
				32754C2626C24E75009C1D15 /* User.swift */,
				32754C4726C2588F009C1D15 /* Failure.swift */,
			);
			path = Models;
			sourceTree = "<group>";
		};
		32754C2826C251B6009C1D15 /* Repository */ = {
			isa = PBXGroup;
			children = (
				32754C2126C24DC9009C1D15 /* UserListService.swift */,
				32754C2926C251E5009C1D15 /* UserListRemoteRepository.swift */,
				32754C2B26C25200009C1D15 /* UserListLocalRepository.swift */,
				32754C2D26C2521B009C1D15 /* UserListRepository.swift */,
			);
			path = Repository;
			sourceTree = "<group>";
		};
		32754C4226C2549C009C1D15 /* Network */ = {
			isa = PBXGroup;
			children = (
				32754C4326C254D2009C1D15 /* NetworkHelper.swift */,
				32754C4526C257D9009C1D15 /* RequestError.swift */,
			);
			path = Network;
			sourceTree = "<group>";
		};
		32754C5326C26EFD009C1D15 /* UIComponents */ = {
			isa = PBXGroup;
			children = (
				32754C5426C26F1F009C1D15 /* GithubUserCell.swift */,
				32754C5526C26F1F009C1D15 /* GithubUserCell.xib */,
			);
			path = UIComponents;
			sourceTree = "<group>";
		};
		32B1581C26C28EE800ED7CC8 /* Repository */ = {
			isa = PBXGroup;
			children = (
				32B1581D26C28EFE00ED7CC8 /* UserDetailService.swift */,
				32B1581F26C28F6A00ED7CC8 /* UserDetailRemoteRepository.swift */,
				32B1582126C28F7900ED7CC8 /* UserDetailLocalRepository.swift */,
				32B1582326C28FC200ED7CC8 /* UserDetailRepository.swift */,
			);
			path = Repository;
			sourceTree = "<group>";
		};
		710FD06F9959AF38A02793CE /* Pods */ = {
			isa = PBXGroup;
			children = (
				93FC4B34ABC96A07B142DDB5 /* Pods-GithubUsers.debug.xcconfig */,
				B2EDAC5D953D34701FFC0A19 /* Pods-GithubUsers.release.xcconfig */,
				11BC39030F69E80406A7779A /* Pods-GithubUsers-GithubUsersUITests.debug.xcconfig */,
				8C87437ADF0E1ADC754255F8 /* Pods-GithubUsers-GithubUsersUITests.release.xcconfig */,
				8C919C7E9EBE004B88E33E78 /* Pods-GithubUsersTests.debug.xcconfig */,
				A764079EA86164ED2794DEAA /* Pods-GithubUsersTests.release.xcconfig */,
			);
			path = Pods;
			sourceTree = "<group>";
		};
		899FFB0830DFA0A288012236 /* Frameworks */ = {
			isa = PBXGroup;
			children = (
				F5093FF3E872FCF8717C5803 /* Pods_GithubUsers.framework */,
				C701E325C5ABDB85377DD067 /* Pods_GithubUsers_GithubUsersUITests.framework */,
				C635C2AAF412FAE7F141E5D5 /* Pods_GithubUsersTests.framework */,
			);
			name = Frameworks;
			sourceTree = "<group>";
		};
/* End PBXGroup section */

/* Begin PBXNativeTarget section */
		32754BCB26C22CBA009C1D15 /* GithubUsers */ = {
			isa = PBXNativeTarget;
			buildConfigurationList = 32754BF926C22CBE009C1D15 /* Build configuration list for PBXNativeTarget "GithubUsers" */;
			buildPhases = (
				E100E3EB34B573759E9D3832 /* [CP] Check Pods Manifest.lock */,
				32754BC826C22CBA009C1D15 /* Sources */,
				32754BC926C22CBA009C1D15 /* Frameworks */,
				32754BCA26C22CBA009C1D15 /* Resources */,
				9C118B7E70098120D419F31C /* [CP] Embed Pods Frameworks */,
			);
			buildRules = (
			);
			dependencies = (
			);
			name = GithubUsers;
			productName = GithubUsers;
			productReference = 32754BCC26C22CBA009C1D15 /* GithubUsers.app */;
			productType = "com.apple.product-type.application";
		};
		32754BE426C22CBE009C1D15 /* GithubUsersTests */ = {
			isa = PBXNativeTarget;
			buildConfigurationList = 32754BFC26C22CBE009C1D15 /* Build configuration list for PBXNativeTarget "GithubUsersTests" */;
			buildPhases = (
				906F274CF7B91CC756CAD2F6 /* [CP] Check Pods Manifest.lock */,
				32754BE126C22CBE009C1D15 /* Sources */,
				32754BE226C22CBE009C1D15 /* Frameworks */,
				32754BE326C22CBE009C1D15 /* Resources */,
			);
			buildRules = (
			);
			dependencies = (
				32754BE726C22CBE009C1D15 /* PBXTargetDependency */,
			);
			name = GithubUsersTests;
			productName = GithubUsersTests;
			productReference = 32754BE526C22CBE009C1D15 /* GithubUsersTests.xctest */;
			productType = "com.apple.product-type.bundle.unit-test";
		};
		32754BEF26C22CBE009C1D15 /* GithubUsersUITests */ = {
			isa = PBXNativeTarget;
			buildConfigurationList = 32754BFF26C22CBE009C1D15 /* Build configuration list for PBXNativeTarget "GithubUsersUITests" */;
			buildPhases = (
				2D518EDE0D8DD9E986628AAE /* [CP] Check Pods Manifest.lock */,
				32754BEC26C22CBE009C1D15 /* Sources */,
				32754BED26C22CBE009C1D15 /* Frameworks */,
				32754BEE26C22CBE009C1D15 /* Resources */,
				C86AF28F28045F163C9FB0BC /* [CP] Embed Pods Frameworks */,
			);
			buildRules = (
			);
			dependencies = (
				32754BF226C22CBE009C1D15 /* PBXTargetDependency */,
			);
			name = GithubUsersUITests;
			productName = GithubUsersUITests;
			productReference = 32754BF026C22CBE009C1D15 /* GithubUsersUITests.xctest */;
			productType = "com.apple.product-type.bundle.ui-testing";
		};
/* End PBXNativeTarget section */

/* Begin PBXProject section */
		32754BC426C22CBA009C1D15 /* Project object */ = {
			isa = PBXProject;
			attributes = {
				LastSwiftUpdateCheck = 1250;
				LastUpgradeCheck = 1250;
				TargetAttributes = {
					32754BCB26C22CBA009C1D15 = {
						CreatedOnToolsVersion = 12.5.1;
					};
					32754BE426C22CBE009C1D15 = {
						CreatedOnToolsVersion = 12.5.1;
						TestTargetID = 32754BCB26C22CBA009C1D15;
					};
					32754BEF26C22CBE009C1D15 = {
						CreatedOnToolsVersion = 12.5.1;
						TestTargetID = 32754BCB26C22CBA009C1D15;
					};
				};
			};
			buildConfigurationList = 32754BC726C22CBA009C1D15 /* Build configuration list for PBXProject "GithubUsers" */;
			compatibilityVersion = "Xcode 9.3";
			developmentRegion = en;
			hasScannedForEncodings = 0;
			knownRegions = (
				en,
				Base,
			);
			mainGroup = 32754BC326C22CBA009C1D15;
			productRefGroup = 32754BCD26C22CBA009C1D15 /* Products */;
			projectDirPath = "";
			projectRoot = "";
			targets = (
				32754BCB26C22CBA009C1D15 /* GithubUsers */,
				32754BE426C22CBE009C1D15 /* GithubUsersTests */,
				32754BEF26C22CBE009C1D15 /* GithubUsersUITests */,
			);
		};
/* End PBXProject section */

/* Begin PBXResourcesBuildPhase section */
		32754BCA26C22CBA009C1D15 /* Resources */ = {
			isa = PBXResourcesBuildPhase;
			buildActionMask = 2147483647;
			files = (
				32B1581B26C28E3300ED7CC8 /* UserDetailViewController.xib in Resources */,
				32754BDF26C22CBD009C1D15 /* LaunchScreen.storyboard in Resources */,
				32754C5726C26F1F009C1D15 /* GithubUserCell.xib in Resources */,
				32754C1F26C24BED009C1D15 /* UserListViewController.xib in Resources */,
				32754BDC26C22CBD009C1D15 /* Assets.xcassets in Resources */,
			);
			runOnlyForDeploymentPostprocessing = 0;
		};
		32754BE326C22CBE009C1D15 /* Resources */ = {
			isa = PBXResourcesBuildPhase;
			buildActionMask = 2147483647;
			files = (
			);
			runOnlyForDeploymentPostprocessing = 0;
		};
		32754BEE26C22CBE009C1D15 /* Resources */ = {
			isa = PBXResourcesBuildPhase;
			buildActionMask = 2147483647;
			files = (
			);
			runOnlyForDeploymentPostprocessing = 0;
		};
/* End PBXResourcesBuildPhase section */

/* Begin PBXShellScriptBuildPhase section */
		2D518EDE0D8DD9E986628AAE /* [CP] Check Pods Manifest.lock */ = {
			isa = PBXShellScriptBuildPhase;
			buildActionMask = 2147483647;
			files = (
			);
			inputFileListPaths = (
			);
			inputPaths = (
				"${PODS_PODFILE_DIR_PATH}/Podfile.lock",
				"${PODS_ROOT}/Manifest.lock",
			);
			name = "[CP] Check Pods Manifest.lock";
			outputFileListPaths = (
			);
			outputPaths = (
				"$(DERIVED_FILE_DIR)/Pods-GithubUsers-GithubUsersUITests-checkManifestLockResult.txt",
			);
			runOnlyForDeploymentPostprocessing = 0;
			shellPath = /bin/sh;
			shellScript = "diff \"${PODS_PODFILE_DIR_PATH}/Podfile.lock\" \"${PODS_ROOT}/Manifest.lock\" > /dev/null\nif [ $? != 0 ] ; then\n    # print error to STDERR\n    echo \"error: The sandbox is not in sync with the Podfile.lock. Run 'pod install' or update your CocoaPods installation.\" >&2\n    exit 1\nfi\n# This output is used by Xcode 'outputs' to avoid re-running this script phase.\necho \"SUCCESS\" > \"${SCRIPT_OUTPUT_FILE_0}\"\n";
			showEnvVarsInLog = 0;
		};
		906F274CF7B91CC756CAD2F6 /* [CP] Check Pods Manifest.lock */ = {
			isa = PBXShellScriptBuildPhase;
			buildActionMask = 2147483647;
			files = (
			);
			inputFileListPaths = (
			);
			inputPaths = (
				"${PODS_PODFILE_DIR_PATH}/Podfile.lock",
				"${PODS_ROOT}/Manifest.lock",
			);
			name = "[CP] Check Pods Manifest.lock";
			outputFileListPaths = (
			);
			outputPaths = (
				"$(DERIVED_FILE_DIR)/Pods-GithubUsersTests-checkManifestLockResult.txt",
			);
			runOnlyForDeploymentPostprocessing = 0;
			shellPath = /bin/sh;
			shellScript = "diff \"${PODS_PODFILE_DIR_PATH}/Podfile.lock\" \"${PODS_ROOT}/Manifest.lock\" > /dev/null\nif [ $? != 0 ] ; then\n    # print error to STDERR\n    echo \"error: The sandbox is not in sync with the Podfile.lock. Run 'pod install' or update your CocoaPods installation.\" >&2\n    exit 1\nfi\n# This output is used by Xcode 'outputs' to avoid re-running this script phase.\necho \"SUCCESS\" > \"${SCRIPT_OUTPUT_FILE_0}\"\n";
			showEnvVarsInLog = 0;
		};
		9C118B7E70098120D419F31C /* [CP] Embed Pods Frameworks */ = {
			isa = PBXShellScriptBuildPhase;
			buildActionMask = 2147483647;
			files = (
			);
			inputFileListPaths = (
				"${PODS_ROOT}/Target Support Files/Pods-GithubUsers/Pods-GithubUsers-frameworks-${CONFIGURATION}-input-files.xcfilelist",
			);
			name = "[CP] Embed Pods Frameworks";
			outputFileListPaths = (
				"${PODS_ROOT}/Target Support Files/Pods-GithubUsers/Pods-GithubUsers-frameworks-${CONFIGURATION}-output-files.xcfilelist",
			);
			runOnlyForDeploymentPostprocessing = 0;
			shellPath = /bin/sh;
			shellScript = "\"${PODS_ROOT}/Target Support Files/Pods-GithubUsers/Pods-GithubUsers-frameworks.sh\"\n";
			showEnvVarsInLog = 0;
		};
		C86AF28F28045F163C9FB0BC /* [CP] Embed Pods Frameworks */ = {
			isa = PBXShellScriptBuildPhase;
			buildActionMask = 2147483647;
			files = (
			);
			inputFileListPaths = (
				"${PODS_ROOT}/Target Support Files/Pods-GithubUsers-GithubUsersUITests/Pods-GithubUsers-GithubUsersUITests-frameworks-${CONFIGURATION}-input-files.xcfilelist",
			);
			name = "[CP] Embed Pods Frameworks";
			outputFileListPaths = (
				"${PODS_ROOT}/Target Support Files/Pods-GithubUsers-GithubUsersUITests/Pods-GithubUsers-GithubUsersUITests-frameworks-${CONFIGURATION}-output-files.xcfilelist",
			);
			runOnlyForDeploymentPostprocessing = 0;
			shellPath = /bin/sh;
			shellScript = "\"${PODS_ROOT}/Target Support Files/Pods-GithubUsers-GithubUsersUITests/Pods-GithubUsers-GithubUsersUITests-frameworks.sh\"\n";
			showEnvVarsInLog = 0;
		};
		E100E3EB34B573759E9D3832 /* [CP] Check Pods Manifest.lock */ = {
			isa = PBXShellScriptBuildPhase;
			buildActionMask = 2147483647;
			files = (
			);
			inputFileListPaths = (
			);
			inputPaths = (
				"${PODS_PODFILE_DIR_PATH}/Podfile.lock",
				"${PODS_ROOT}/Manifest.lock",
			);
			name = "[CP] Check Pods Manifest.lock";
			outputFileListPaths = (
			);
			outputPaths = (
				"$(DERIVED_FILE_DIR)/Pods-GithubUsers-checkManifestLockResult.txt",
			);
			runOnlyForDeploymentPostprocessing = 0;
			shellPath = /bin/sh;
			shellScript = "diff \"${PODS_PODFILE_DIR_PATH}/Podfile.lock\" \"${PODS_ROOT}/Manifest.lock\" > /dev/null\nif [ $? != 0 ] ; then\n    # print error to STDERR\n    echo \"error: The sandbox is not in sync with the Podfile.lock. Run 'pod install' or update your CocoaPods installation.\" >&2\n    exit 1\nfi\n# This output is used by Xcode 'outputs' to avoid re-running this script phase.\necho \"SUCCESS\" > \"${SCRIPT_OUTPUT_FILE_0}\"\n";
			showEnvVarsInLog = 0;
		};
/* End PBXShellScriptBuildPhase section */

/* Begin PBXSourcesBuildPhase section */
		32754BC826C22CBA009C1D15 /* Sources */ = {
			isa = PBXSourcesBuildPhase;
			buildActionMask = 2147483647;
			files = (
				32754C5B26C27402009C1D15 /* UICollectionView+Extensions.swift in Sources */,
				32754C4826C2588F009C1D15 /* Failure.swift in Sources */,
				32B1581526C28DE600ED7CC8 /* UserDetailViewModel.swift in Sources */,
				32754BDA26C22CBB009C1D15 /* GithubUsers.xcdatamodeld in Sources */,
				32754C2226C24DC9009C1D15 /* UserListService.swift in Sources */,
				32754C0F26C24774009C1D15 /* UserListViewModel.swift in Sources */,
				32754BD026C22CBA009C1D15 /* AppDelegate.swift in Sources */,
				32B1582226C28F7900ED7CC8 /* UserDetailLocalRepository.swift in Sources */,
				32754C4426C254D2009C1D15 /* NetworkHelper.swift in Sources */,
				32754C1926C248FA009C1D15 /* UIApplication+Extension.swift in Sources */,
				324228F126C3B6C4002B450A /* GithubUserCache+CoreDataClass.swift in Sources */,
				32754C1B26C2499B009C1D15 /* Reactive+Extensions.swift in Sources */,
				32B1581726C28DE600ED7CC8 /* UserDetailViewController.swift in Sources */,
				32B1581E26C28EFE00ED7CC8 /* UserDetailService.swift in Sources */,
				32754C2A26C251E5009C1D15 /* UserListRemoteRepository.swift in Sources */,
				32754BD226C22CBA009C1D15 /* SceneDelegate.swift in Sources */,
				32754C1426C247AF009C1D15 /* BaseViewController.swift in Sources */,
				32754C1126C24774009C1D15 /* UserListViewController.swift in Sources */,
				32B1582426C28FC200ED7CC8 /* UserDetailRepository.swift in Sources */,
				32754C5926C2721D009C1D15 /* UIImageView+Extensions.swift in Sources */,
				32754C4626C257D9009C1D15 /* RequestError.swift in Sources */,
				32754C2C26C25200009C1D15 /* UserListLocalRepository.swift in Sources */,
				32754C2E26C2521B009C1D15 /* UserListRepository.swift in Sources */,
				32754C5626C26F1F009C1D15 /* GithubUserCell.swift in Sources */,
				324228F226C3B6C4002B450A /* GithubUserCache+CoreDataProperties.swift in Sources */,
				324228F426C3BAA1002B450A /* CoreDataManager.swift in Sources */,
				32B1582026C28F6A00ED7CC8 /* UserDetailRemoteRepository.swift in Sources */,
				3299F30726C38F8400424BED /* CompositionRoot.swift in Sources */,
				32754C2726C24E75009C1D15 /* User.swift in Sources */,
			);
			runOnlyForDeploymentPostprocessing = 0;
		};
		32754BE126C22CBE009C1D15 /* Sources */ = {
			isa = PBXSourcesBuildPhase;
			buildActionMask = 2147483647;
			files = (
				32754BEA26C22CBE009C1D15 /* GithubUsersTests.swift in Sources */,
			);
			runOnlyForDeploymentPostprocessing = 0;
		};
		32754BEC26C22CBE009C1D15 /* Sources */ = {
			isa = PBXSourcesBuildPhase;
			buildActionMask = 2147483647;
			files = (
				32754BF526C22CBE009C1D15 /* GithubUsersUITests.swift in Sources */,
			);
			runOnlyForDeploymentPostprocessing = 0;
		};
/* End PBXSourcesBuildPhase section */

/* Begin PBXTargetDependency section */
		32754BE726C22CBE009C1D15 /* PBXTargetDependency */ = {
			isa = PBXTargetDependency;
			target = 32754BCB26C22CBA009C1D15 /* GithubUsers */;
			targetProxy = 32754BE626C22CBE009C1D15 /* PBXContainerItemProxy */;
		};
		32754BF226C22CBE009C1D15 /* PBXTargetDependency */ = {
			isa = PBXTargetDependency;
			target = 32754BCB26C22CBA009C1D15 /* GithubUsers */;
			targetProxy = 32754BF126C22CBE009C1D15 /* PBXContainerItemProxy */;
		};
/* End PBXTargetDependency section */

/* Begin PBXVariantGroup section */
		32754BDD26C22CBD009C1D15 /* LaunchScreen.storyboard */ = {
			isa = PBXVariantGroup;
			children = (
				32754BDE26C22CBD009C1D15 /* Base */,
			);
			name = LaunchScreen.storyboard;
			sourceTree = "<group>";
		};
/* End PBXVariantGroup section */

/* Begin XCBuildConfiguration section */
		32754BF726C22CBE009C1D15 /* Debug */ = {
			isa = XCBuildConfiguration;
			buildSettings = {
				ALWAYS_SEARCH_USER_PATHS = NO;
				CLANG_ANALYZER_NONNULL = YES;
				CLANG_ANALYZER_NUMBER_OBJECT_CONVERSION = YES_AGGRESSIVE;
				CLANG_CXX_LANGUAGE_STANDARD = "gnu++14";
				CLANG_CXX_LIBRARY = "libc++";
				CLANG_ENABLE_MODULES = YES;
				CLANG_ENABLE_OBJC_ARC = YES;
				CLANG_ENABLE_OBJC_WEAK = YES;
				CLANG_WARN_BLOCK_CAPTURE_AUTORELEASING = YES;
				CLANG_WARN_BOOL_CONVERSION = YES;
				CLANG_WARN_COMMA = YES;
				CLANG_WARN_CONSTANT_CONVERSION = YES;
				CLANG_WARN_DEPRECATED_OBJC_IMPLEMENTATIONS = YES;
				CLANG_WARN_DIRECT_OBJC_ISA_USAGE = YES_ERROR;
				CLANG_WARN_DOCUMENTATION_COMMENTS = YES;
				CLANG_WARN_EMPTY_BODY = YES;
				CLANG_WARN_ENUM_CONVERSION = YES;
				CLANG_WARN_INFINITE_RECURSION = YES;
				CLANG_WARN_INT_CONVERSION = YES;
				CLANG_WARN_NON_LITERAL_NULL_CONVERSION = YES;
				CLANG_WARN_OBJC_IMPLICIT_RETAIN_SELF = YES;
				CLANG_WARN_OBJC_LITERAL_CONVERSION = YES;
				CLANG_WARN_OBJC_ROOT_CLASS = YES_ERROR;
				CLANG_WARN_QUOTED_INCLUDE_IN_FRAMEWORK_HEADER = YES;
				CLANG_WARN_RANGE_LOOP_ANALYSIS = YES;
				CLANG_WARN_STRICT_PROTOTYPES = YES;
				CLANG_WARN_SUSPICIOUS_MOVE = YES;
				CLANG_WARN_UNGUARDED_AVAILABILITY = YES_AGGRESSIVE;
				CLANG_WARN_UNREACHABLE_CODE = YES;
				CLANG_WARN__DUPLICATE_METHOD_MATCH = YES;
				COPY_PHASE_STRIP = NO;
				DEBUG_INFORMATION_FORMAT = dwarf;
				ENABLE_STRICT_OBJC_MSGSEND = YES;
				ENABLE_TESTABILITY = YES;
				GCC_C_LANGUAGE_STANDARD = gnu11;
				GCC_DYNAMIC_NO_PIC = NO;
				GCC_NO_COMMON_BLOCKS = YES;
				GCC_OPTIMIZATION_LEVEL = 0;
				GCC_PREPROCESSOR_DEFINITIONS = (
					"DEBUG=1",
					"$(inherited)",
				);
				GCC_WARN_64_TO_32_BIT_CONVERSION = YES;
				GCC_WARN_ABOUT_RETURN_TYPE = YES_ERROR;
				GCC_WARN_UNDECLARED_SELECTOR = YES;
				GCC_WARN_UNINITIALIZED_AUTOS = YES_AGGRESSIVE;
				GCC_WARN_UNUSED_FUNCTION = YES;
				GCC_WARN_UNUSED_VARIABLE = YES;
				IPHONEOS_DEPLOYMENT_TARGET = 14.5;
				MTL_ENABLE_DEBUG_INFO = INCLUDE_SOURCE;
				MTL_FAST_MATH = YES;
				ONLY_ACTIVE_ARCH = YES;
				SDKROOT = iphoneos;
				SWIFT_ACTIVE_COMPILATION_CONDITIONS = DEBUG;
				SWIFT_OPTIMIZATION_LEVEL = "-Onone";
			};
			name = Debug;
		};
		32754BF826C22CBE009C1D15 /* Release */ = {
			isa = XCBuildConfiguration;
			buildSettings = {
				ALWAYS_SEARCH_USER_PATHS = NO;
				CLANG_ANALYZER_NONNULL = YES;
				CLANG_ANALYZER_NUMBER_OBJECT_CONVERSION = YES_AGGRESSIVE;
				CLANG_CXX_LANGUAGE_STANDARD = "gnu++14";
				CLANG_CXX_LIBRARY = "libc++";
				CLANG_ENABLE_MODULES = YES;
				CLANG_ENABLE_OBJC_ARC = YES;
				CLANG_ENABLE_OBJC_WEAK = YES;
				CLANG_WARN_BLOCK_CAPTURE_AUTORELEASING = YES;
				CLANG_WARN_BOOL_CONVERSION = YES;
				CLANG_WARN_COMMA = YES;
				CLANG_WARN_CONSTANT_CONVERSION = YES;
				CLANG_WARN_DEPRECATED_OBJC_IMPLEMENTATIONS = YES;
				CLANG_WARN_DIRECT_OBJC_ISA_USAGE = YES_ERROR;
				CLANG_WARN_DOCUMENTATION_COMMENTS = YES;
				CLANG_WARN_EMPTY_BODY = YES;
				CLANG_WARN_ENUM_CONVERSION = YES;
				CLANG_WARN_INFINITE_RECURSION = YES;
				CLANG_WARN_INT_CONVERSION = YES;
				CLANG_WARN_NON_LITERAL_NULL_CONVERSION = YES;
				CLANG_WARN_OBJC_IMPLICIT_RETAIN_SELF = YES;
				CLANG_WARN_OBJC_LITERAL_CONVERSION = YES;
				CLANG_WARN_OBJC_ROOT_CLASS = YES_ERROR;
				CLANG_WARN_QUOTED_INCLUDE_IN_FRAMEWORK_HEADER = YES;
				CLANG_WARN_RANGE_LOOP_ANALYSIS = YES;
				CLANG_WARN_STRICT_PROTOTYPES = YES;
				CLANG_WARN_SUSPICIOUS_MOVE = YES;
				CLANG_WARN_UNGUARDED_AVAILABILITY = YES_AGGRESSIVE;
				CLANG_WARN_UNREACHABLE_CODE = YES;
				CLANG_WARN__DUPLICATE_METHOD_MATCH = YES;
				COPY_PHASE_STRIP = NO;
				DEBUG_INFORMATION_FORMAT = "dwarf-with-dsym";
				ENABLE_NS_ASSERTIONS = NO;
				ENABLE_STRICT_OBJC_MSGSEND = YES;
				GCC_C_LANGUAGE_STANDARD = gnu11;
				GCC_NO_COMMON_BLOCKS = YES;
				GCC_WARN_64_TO_32_BIT_CONVERSION = YES;
				GCC_WARN_ABOUT_RETURN_TYPE = YES_ERROR;
				GCC_WARN_UNDECLARED_SELECTOR = YES;
				GCC_WARN_UNINITIALIZED_AUTOS = YES_AGGRESSIVE;
				GCC_WARN_UNUSED_FUNCTION = YES;
				GCC_WARN_UNUSED_VARIABLE = YES;
				IPHONEOS_DEPLOYMENT_TARGET = 14.5;
				MTL_ENABLE_DEBUG_INFO = NO;
				MTL_FAST_MATH = YES;
				SDKROOT = iphoneos;
				SWIFT_COMPILATION_MODE = wholemodule;
				SWIFT_OPTIMIZATION_LEVEL = "-O";
				VALIDATE_PRODUCT = YES;
			};
			name = Release;
		};
		32754BFA26C22CBE009C1D15 /* Debug */ = {
			isa = XCBuildConfiguration;
			baseConfigurationReference = 93FC4B34ABC96A07B142DDB5 /* Pods-GithubUsers.debug.xcconfig */;
			buildSettings = {
				ASSETCATALOG_COMPILER_APPICON_NAME = AppIcon;
				ASSETCATALOG_COMPILER_GLOBAL_ACCENT_COLOR_NAME = AccentColor;
				CODE_SIGN_STYLE = Automatic;
				DEVELOPMENT_TEAM = Z2S78UX6KB;
				INFOPLIST_FILE = GithubUsers/SupportingFiles/Info.plist;
				IPHONEOS_DEPLOYMENT_TARGET = 13.0;
				LD_RUNPATH_SEARCH_PATHS = (
					"$(inherited)",
					"@executable_path/Frameworks",
				);
				PRODUCT_BUNDLE_IDENTIFIER = "com.thinhle.github-user";
				PRODUCT_NAME = "$(TARGET_NAME)";
				SWIFT_VERSION = 5.0;
				TARGETED_DEVICE_FAMILY = 1;
			};
			name = Debug;
		};
		32754BFB26C22CBE009C1D15 /* Release */ = {
			isa = XCBuildConfiguration;
			baseConfigurationReference = B2EDAC5D953D34701FFC0A19 /* Pods-GithubUsers.release.xcconfig */;
			buildSettings = {
				ASSETCATALOG_COMPILER_APPICON_NAME = AppIcon;
				ASSETCATALOG_COMPILER_GLOBAL_ACCENT_COLOR_NAME = AccentColor;
				CODE_SIGN_STYLE = Automatic;
				DEVELOPMENT_TEAM = Z2S78UX6KB;
				INFOPLIST_FILE = GithubUsers/SupportingFiles/Info.plist;
				IPHONEOS_DEPLOYMENT_TARGET = 13.0;
				LD_RUNPATH_SEARCH_PATHS = (
					"$(inherited)",
					"@executable_path/Frameworks",
				);
				PRODUCT_BUNDLE_IDENTIFIER = "com.thinhle.github-user";
				PRODUCT_NAME = "$(TARGET_NAME)";
				SWIFT_VERSION = 5.0;
				TARGETED_DEVICE_FAMILY = 1;
			};
			name = Release;
		};
		32754BFD26C22CBE009C1D15 /* Debug */ = {
			isa = XCBuildConfiguration;
			baseConfigurationReference = 8C919C7E9EBE004B88E33E78 /* Pods-GithubUsersTests.debug.xcconfig */;
			buildSettings = {
				ALWAYS_EMBED_SWIFT_STANDARD_LIBRARIES = YES;
				BUNDLE_LOADER = "$(TEST_HOST)";
				CODE_SIGN_STYLE = Automatic;
				DEVELOPMENT_TEAM = Z2S78UX6KB;
				INFOPLIST_FILE = GithubUsersTests/Info.plist;
				IPHONEOS_DEPLOYMENT_TARGET = 14.5;
				LD_RUNPATH_SEARCH_PATHS = (
					"$(inherited)",
					"@executable_path/Frameworks",
					"@loader_path/Frameworks",
				);
				PRODUCT_BUNDLE_IDENTIFIER = com.thinhle.GithubUsersTests;
				PRODUCT_NAME = "$(TARGET_NAME)";
				SWIFT_VERSION = 5.0;
				TARGETED_DEVICE_FAMILY = "1,2";
				TEST_HOST = "$(BUILT_PRODUCTS_DIR)/GithubUsers.app/GithubUsers";
			};
			name = Debug;
		};
		32754BFE26C22CBE009C1D15 /* Release */ = {
			isa = XCBuildConfiguration;
			baseConfigurationReference = A764079EA86164ED2794DEAA /* Pods-GithubUsersTests.release.xcconfig */;
			buildSettings = {
				ALWAYS_EMBED_SWIFT_STANDARD_LIBRARIES = YES;
				BUNDLE_LOADER = "$(TEST_HOST)";
				CODE_SIGN_STYLE = Automatic;
				DEVELOPMENT_TEAM = Z2S78UX6KB;
				INFOPLIST_FILE = GithubUsersTests/Info.plist;
				IPHONEOS_DEPLOYMENT_TARGET = 14.5;
				LD_RUNPATH_SEARCH_PATHS = (
					"$(inherited)",
					"@executable_path/Frameworks",
					"@loader_path/Frameworks",
				);
				PRODUCT_BUNDLE_IDENTIFIER = com.thinhle.GithubUsersTests;
				PRODUCT_NAME = "$(TARGET_NAME)";
				SWIFT_VERSION = 5.0;
				TARGETED_DEVICE_FAMILY = "1,2";
				TEST_HOST = "$(BUILT_PRODUCTS_DIR)/GithubUsers.app/GithubUsers";
			};
			name = Release;
		};
		32754C0026C22CBE009C1D15 /* Debug */ = {
			isa = XCBuildConfiguration;
			baseConfigurationReference = 11BC39030F69E80406A7779A /* Pods-GithubUsers-GithubUsersUITests.debug.xcconfig */;
			buildSettings = {
				CODE_SIGN_STYLE = Automatic;
				DEVELOPMENT_TEAM = Z2S78UX6KB;
				INFOPLIST_FILE = GithubUsersUITests/Info.plist;
				LD_RUNPATH_SEARCH_PATHS = (
					"$(inherited)",
					"@executable_path/Frameworks",
					"@loader_path/Frameworks",
				);
				PRODUCT_BUNDLE_IDENTIFIER = com.thinhle.GithubUsersUITests;
				PRODUCT_NAME = "$(TARGET_NAME)";
				SWIFT_VERSION = 5.0;
				TARGETED_DEVICE_FAMILY = "1,2";
				TEST_TARGET_NAME = GithubUsers;
			};
			name = Debug;
		};
		32754C0126C22CBE009C1D15 /* Release */ = {
			isa = XCBuildConfiguration;
			baseConfigurationReference = 8C87437ADF0E1ADC754255F8 /* Pods-GithubUsers-GithubUsersUITests.release.xcconfig */;
			buildSettings = {
				CODE_SIGN_STYLE = Automatic;
				DEVELOPMENT_TEAM = Z2S78UX6KB;
				INFOPLIST_FILE = GithubUsersUITests/Info.plist;
				LD_RUNPATH_SEARCH_PATHS = (
					"$(inherited)",
					"@executable_path/Frameworks",
					"@loader_path/Frameworks",
				);
				PRODUCT_BUNDLE_IDENTIFIER = com.thinhle.GithubUsersUITests;
				PRODUCT_NAME = "$(TARGET_NAME)";
				SWIFT_VERSION = 5.0;
				TARGETED_DEVICE_FAMILY = "1,2";
				TEST_TARGET_NAME = GithubUsers;
			};
			name = Release;
		};
/* End XCBuildConfiguration section */

/* Begin XCConfigurationList section */
		32754BC726C22CBA009C1D15 /* Build configuration list for PBXProject "GithubUsers" */ = {
			isa = XCConfigurationList;
			buildConfigurations = (
				32754BF726C22CBE009C1D15 /* Debug */,
				32754BF826C22CBE009C1D15 /* Release */,
			);
			defaultConfigurationIsVisible = 0;
			defaultConfigurationName = Release;
		};
		32754BF926C22CBE009C1D15 /* Build configuration list for PBXNativeTarget "GithubUsers" */ = {
			isa = XCConfigurationList;
			buildConfigurations = (
				32754BFA26C22CBE009C1D15 /* Debug */,
				32754BFB26C22CBE009C1D15 /* Release */,
			);
			defaultConfigurationIsVisible = 0;
			defaultConfigurationName = Release;
		};
		32754BFC26C22CBE009C1D15 /* Build configuration list for PBXNativeTarget "GithubUsersTests" */ = {
			isa = XCConfigurationList;
			buildConfigurations = (
				32754BFD26C22CBE009C1D15 /* Debug */,
				32754BFE26C22CBE009C1D15 /* Release */,
			);
			defaultConfigurationIsVisible = 0;
			defaultConfigurationName = Release;
		};
		32754BFF26C22CBE009C1D15 /* Build configuration list for PBXNativeTarget "GithubUsersUITests" */ = {
			isa = XCConfigurationList;
			buildConfigurations = (
				32754C0026C22CBE009C1D15 /* Debug */,
				32754C0126C22CBE009C1D15 /* Release */,
			);
			defaultConfigurationIsVisible = 0;
			defaultConfigurationName = Release;
		};
/* End XCConfigurationList section */

/* Begin XCVersionGroup section */
		32754BD826C22CBA009C1D15 /* GithubUsers.xcdatamodeld */ = {
			isa = XCVersionGroup;
			children = (
				32754BD926C22CBA009C1D15 /* GithubUsers.xcdatamodel */,
			);
			currentVersion = 32754BD926C22CBA009C1D15 /* GithubUsers.xcdatamodel */;
			path = GithubUsers.xcdatamodeld;
			sourceTree = "<group>";
			versionGroupType = wrapper.xcdatamodel;
		};
/* End XCVersionGroup section */
	};
	rootObject = 32754BC426C22CBA009C1D15 /* Project object */;
}
