// !$*UTF8*$!
{
	archiveVersion = 1;
	classes = {
	};
	objectVersion = 50;
	objects = {

/* Begin PBXBuildFile section */
		32754BD026C22CBA009C1D15 /* AppDelegate.swift in Sources */ = {isa = PBXBuildFile; fileRef = 32754BCF26C22CBA009C1D15 /* AppDelegate.swift */; };
		32754BD226C22CBA009C1D15 /* SceneDelegate.swift in Sources */ = {isa = PBXBuildFile; fileRef = 32754BD126C22CBA009C1D15 /* SceneDelegate.swift */; };
		32754BD426C22CBA009C1D15 /* ViewController.swift in Sources */ = {isa = PBXBuildFile; fileRef = 32754BD326C22CBA009C1D15 /* ViewController.swift */; };
		32754BD726C22CBA009C1D15 /* Main.storyboard in Resources */ = {isa = PBXBuildFile; fileRef = 32754BD526C22CBA009C1D15 /* Main.storyboard */; };
		32754BDA26C22CBB009C1D15 /* GithubUsers.xcdatamodeld in Sources */ = {isa = PBXBuildFile; fileRef = 32754BD826C22CBA009C1D15 /* GithubUsers.xcdatamodeld */; };
		32754BDC26C22CBD009C1D15 /* Assets.xcassets in Resources */ = {isa = PBXBuildFile; fileRef = 32754BDB26C22CBD009C1D15 /* Assets.xcassets */; };
		32754BDF26C22CBD009C1D15 /* LaunchScreen.storyboard in Resources */ = {isa = PBXBuildFile; fileRef = 32754BDD26C22CBD009C1D15 /* LaunchScreen.storyboard */; };
		32754BEA26C22CBE009C1D15 /* GithubUsersTests.swift in Sources */ = {isa = PBXBuildFile; fileRef = 32754BE926C22CBE009C1D15 /* GithubUsersTests.swift */; };
		32754BF526C22CBE009C1D15 /* GithubUsersUITests.swift in Sources */ = {isa = PBXBuildFile; fileRef = 32754BF426C22CBE009C1D15 /* GithubUsersUITests.swift */; };
/* End PBXBuildFile section */

/* Begin PBXContainerItemProxy section */
		32754BE626C22CBE009C1D15 /* PBXContainerItemProxy */ = {
			isa = PBXContainerItemProxy;
			containerPortal = 32754BC426C22CBA009C1D15 /* Project object */;
			proxyType = 1;
			remoteGlobalIDString = 32754BCB26C22CBA009C1D15;
			remoteInfo = GithubUsers;
		};
		32754BF126C22CBE009C1D15 /* PBXContainerItemProxy */ = {
			isa = PBXContainerItemProxy;
			containerPortal = 32754BC426C22CBA009C1D15 /* Project object */;
			proxyType = 1;
			remoteGlobalIDString = 32754BCB26C22CBA009C1D15;
			remoteInfo = GithubUsers;
		};
/* End PBXContainerItemProxy section */

/* Begin PBXFileReference section */
		32754BCC26C22CBA009C1D15 /* GithubUsers.app */ = {isa = PBXFileReference; explicitFileType = wrapper.application; includeInIndex = 0; path = GithubUsers.app; sourceTree = BUILT_PRODUCTS_DIR; };
		32754BCF26C22CBA009C1D15 /* AppDelegate.swift */ = {isa = PBXFileReference; lastKnownFileType = sourcecode.swift; path = AppDelegate.swift; sourceTree = "<group>"; };
		32754BD126C22CBA009C1D15 /* SceneDelegate.swift */ = {isa = PBXFileReference; lastKnownFileType = sourcecode.swift; path = SceneDelegate.swift; sourceTree = "<group>"; };
		32754BD326C22CBA009C1D15 /* ViewController.swift */ = {isa = PBXFileReference; lastKnownFileType = sourcecode.swift; path = ViewController.swift; sourceTree = "<group>"; };
		32754BD626C22CBA009C1D15 /* Base */ = {isa = PBXFileReference; lastKnownFileType = file.storyboard; name = Base; path = Base.lproj/Main.storyboard; sourceTree = "<group>"; };
		32754BD926C22CBA009C1D15 /* GithubUsers.xcdatamodel */ = {isa = PBXFileReference; lastKnownFileType = wrapper.xcdatamodel; path = GithubUsers.xcdatamodel; sourceTree = "<group>"; };
		32754BDB26C22CBD009C1D15 /* Assets.xcassets */ = {isa = PBXFileReference; lastKnownFileType = folder.assetcatalog; path = Assets.xcassets; sourceTree = "<group>"; };
		32754BDE26C22CBD009C1D15 /* Base */ = {isa = PBXFileReference; lastKnownFileType = file.storyboard; name = Base; path = Base.lproj/LaunchScreen.storyboard; sourceTree = "<group>"; };
		32754BE026C22CBD009C1D15 /* Info.plist */ = {isa = PBXFileReference; lastKnownFileType = text.plist.xml; path = Info.plist; sourceTree = "<group>"; };
		32754BE526C22CBE009C1D15 /* GithubUsersTests.xctest */ = {isa = PBXFileReference; explicitFileType = wrapper.cfbundle; includeInIndex = 0; path = GithubUsersTests.xctest; sourceTree = BUILT_PRODUCTS_DIR; };
		32754BE926C22CBE009C1D15 /* GithubUsersTests.swift */ = {isa = PBXFileReference; lastKnownFileType = sourcecode.swift; path = GithubUsersTests.swift; sourceTree = "<group>"; };
		32754BEB26C22CBE009C1D15 /* Info.plist */ = {isa = PBXFileReference; lastKnownFileType = text.plist.xml; path = Info.plist; sourceTree = "<group>"; };
		32754BF026C22CBE009C1D15 /* GithubUsersUITests.xctest */ = {isa = PBXFileReference; explicitFileType = wrapper.cfbundle; includeInIndex = 0; path = GithubUsersUITests.xctest; sourceTree = BUILT_PRODUCTS_DIR; };
		32754BF426C22CBE009C1D15 /* GithubUsersUITests.swift */ = {isa = PBXFileReference; lastKnownFileType = sourcecode.swift; path = GithubUsersUITests.swift; sourceTree = "<group>"; };
		32754BF626C22CBE009C1D15 /* Info.plist */ = {isa = PBXFileReference; lastKnownFileType = text.plist.xml; path = Info.plist; sourceTree = "<group>"; };
/* End PBXFileReference section */

/* Begin PBXFrameworksBuildPhase section */
		32754BC926C22CBA009C1D15 /* Frameworks */ = {
			isa = PBXFrameworksBuildPhase;
			buildActionMask = 2147483647;
			files = (
			);
			runOnlyForDeploymentPostprocessing = 0;
		};
		32754BE226C22CBE009C1D15 /* Frameworks */ = {
			isa = PBXFrameworksBuildPhase;
			buildActionMask = 2147483647;
			files = (
			);
			runOnlyForDeploymentPostprocessing = 0;
		};
		32754BED26C22CBE009C1D15 /* Frameworks */ = {
			isa = PBXFrameworksBuildPhase;
			buildActionMask = 2147483647;
			files = (
			);
			runOnlyForDeploymentPostprocessing = 0;
		};
/* End PBXFrameworksBuildPhase section */

/* Begin PBXGroup section */
		32754BC326C22CBA009C1D15 = {
			isa = PBXGroup;
			children = (
				32754BCE26C22CBA009C1D15 /* GithubUsers */,
				32754BE826C22CBE009C1D15 /* GithubUsersTests */,
				32754BF326C22CBE009C1D15 /* GithubUsersUITests */,
				32754BCD26C22CBA009C1D15 /* Products */,
			);
			sourceTree = "<group>";
		};
		32754BCD26C22CBA009C1D15 /* Products */ = {
			isa = PBXGroup;
			children = (
				32754BCC26C22CBA009C1D15 /* GithubUsers.app */,
				32754BE526C22CBE009C1D15 /* GithubUsersTests.xctest */,
				32754BF026C22CBE009C1D15 /* GithubUsersUITests.xctest */,
			);
			name = Products;
			sourceTree = "<group>";
		};
		32754BCE26C22CBA009C1D15 /* GithubUsers */ = {
			isa = PBXGroup;
			children = (
				32754BCF26C22CBA009C1D15 /* AppDelegate.swift */,
				32754BD126C22CBA009C1D15 /* SceneDelegate.swift */,
				32754BD326C22CBA009C1D15 /* ViewController.swift */,
				32754BD526C22CBA009C1D15 /* Main.storyboard */,
				32754BDB26C22CBD009C1D15 /* Assets.xcassets */,
				32754BDD26C22CBD009C1D15 /* LaunchScreen.storyboard */,
				32754BE026C22CBD009C1D15 /* Info.plist */,
				32754BD826C22CBA009C1D15 /* GithubUsers.xcdatamodeld */,
			);
			path = GithubUsers;
			sourceTree = "<group>";
		};
		32754BE826C22CBE009C1D15 /* GithubUsersTests */ = {
			isa = PBXGroup;
			children = (
				32754BE926C22CBE009C1D15 /* GithubUsersTests.swift */,
				32754BEB26C22CBE009C1D15 /* Info.plist */,
			);
			path = GithubUsersTests;
			sourceTree = "<group>";
		};
		32754BF326C22CBE009C1D15 /* GithubUsersUITests */ = {
			isa = PBXGroup;
			children = (
				32754BF426C22CBE009C1D15 /* GithubUsersUITests.swift */,
				32754BF626C22CBE009C1D15 /* Info.plist */,
			);
			path = GithubUsersUITests;
			sourceTree = "<group>";
		};
/* End PBXGroup section */

/* Begin PBXNativeTarget section */
		32754BCB26C22CBA009C1D15 /* GithubUsers */ = {
			isa = PBXNativeTarget;
			buildConfigurationList = 32754BF926C22CBE009C1D15 /* Build configuration list for PBXNativeTarget "GithubUsers" */;
			buildPhases = (
				32754BC826C22CBA009C1D15 /* Sources */,
				32754BC926C22CBA009C1D15 /* Frameworks */,
				32754BCA26C22CBA009C1D15 /* Resources */,
			);
			buildRules = (
			);
			dependencies = (
			);
			name = GithubUsers;
			productName = GithubUsers;
			productReference = 32754BCC26C22CBA009C1D15 /* GithubUsers.app */;
			productType = "com.apple.product-type.application";
		};
		32754BE426C22CBE009C1D15 /* GithubUsersTests */ = {
			isa = PBXNativeTarget;
			buildConfigurationList = 32754BFC26C22CBE009C1D15 /* Build configuration list for PBXNativeTarget "GithubUsersTests" */;
			buildPhases = (
				32754BE126C22CBE009C1D15 /* Sources */,
				32754BE226C22CBE009C1D15 /* Frameworks */,
				32754BE326C22CBE009C1D15 /* Resources */,
			);
			buildRules = (
			);
			dependencies = (
				32754BE726C22CBE009C1D15 /* PBXTargetDependency */,
			);
			name = GithubUsersTests;
			productName = GithubUsersTests;
			productReference = 32754BE526C22CBE009C1D15 /* GithubUsersTests.xctest */;
			productType = "com.apple.product-type.bundle.unit-test";
		};
		32754BEF26C22CBE009C1D15 /* GithubUsersUITests */ = {
			isa = PBXNativeTarget;
			buildConfigurationList = 32754BFF26C22CBE009C1D15 /* Build configuration list for PBXNativeTarget "GithubUsersUITests" */;
			buildPhases = (
				32754BEC26C22CBE009C1D15 /* Sources */,
				32754BED26C22CBE009C1D15 /* Frameworks */,
				32754BEE26C22CBE009C1D15 /* Resources */,
			);
			buildRules = (
			);
			dependencies = (
				32754BF226C22CBE009C1D15 /* PBXTargetDependency */,
			);
			name = GithubUsersUITests;
			productName = GithubUsersUITests;
			productReference = 32754BF026C22CBE009C1D15 /* GithubUsersUITests.xctest */;
			productType = "com.apple.product-type.bundle.ui-testing";
		};
/* End PBXNativeTarget section */

/* Begin PBXProject section */
		32754BC426C22CBA009C1D15 /* Project object */ = {
			isa = PBXProject;
			attributes = {
				LastSwiftUpdateCheck = 1250;
				LastUpgradeCheck = 1250;
				TargetAttributes = {
					32754BCB26C22CBA009C1D15 = {
						CreatedOnToolsVersion = 12.5.1;
					};
					32754BE426C22CBE009C1D15 = {
						CreatedOnToolsVersion = 12.5.1;
						TestTargetID = 32754BCB26C22CBA009C1D15;
					};
					32754BEF26C22CBE009C1D15 = {
						CreatedOnToolsVersion = 12.5.1;
						TestTargetID = 32754BCB26C22CBA009C1D15;
					};
				};
			};
			buildConfigurationList = 32754BC726C22CBA009C1D15 /* Build configuration list for PBXProject "GithubUsers" */;
			compatibilityVersion = "Xcode 9.3";
			developmentRegion = en;
			hasScannedForEncodings = 0;
			knownRegions = (
				en,
				Base,
			);
			mainGroup = 32754BC326C22CBA009C1D15;
			productRefGroup = 32754BCD26C22CBA009C1D15 /* Products */;
			projectDirPath = "";
			projectRoot = "";
			targets = (
				32754BCB26C22CBA009C1D15 /* GithubUsers */,
				32754BE426C22CBE009C1D15 /* GithubUsersTests */,
				32754BEF26C22CBE009C1D15 /* GithubUsersUITests */,
			);
		};
/* End PBXProject section */

/* Begin PBXResourcesBuildPhase section */
		32754BCA26C22CBA009C1D15 /* Resources */ = {
			isa = PBXResourcesBuildPhase;
			buildActionMask = 2147483647;
			files = (
				32754BDF26C22CBD009C1D15 /* LaunchScreen.storyboard in Resources */,
				32754BDC26C22CBD009C1D15 /* Assets.xcassets in Resources */,
				32754BD726C22CBA009C1D15 /* Main.storyboard in Resources */,
			);
			runOnlyForDeploymentPostprocessing = 0;
		};
		32754BE326C22CBE009C1D15 /* Resources */ = {
			isa = PBXResourcesBuildPhase;
			buildActionMask = 2147483647;
			files = (
			);
			runOnlyForDeploymentPostprocessing = 0;
		};
		32754BEE26C22CBE009C1D15 /* Resources */ = {
			isa = PBXResourcesBuildPhase;
			buildActionMask = 2147483647;
			files = (
			);
			runOnlyForDeploymentPostprocessing = 0;
		};
/* End PBXResourcesBuildPhase section */

/* Begin PBXSourcesBuildPhase section */
		32754BC826C22CBA009C1D15 /* Sources */ = {
			isa = PBXSourcesBuildPhase;
			buildActionMask = 2147483647;
			files = (
				32754BD426C22CBA009C1D15 /* ViewController.swift in Sources */,
				32754BDA26C22CBB009C1D15 /* GithubUsers.xcdatamodeld in Sources */,
				32754BD026C22CBA009C1D15 /* AppDelegate.swift in Sources */,
				32754BD226C22CBA009C1D15 /* SceneDelegate.swift in Sources */,
			);
			runOnlyForDeploymentPostprocessing = 0;
		};
		32754BE126C22CBE009C1D15 /* Sources */ = {
			isa = PBXSourcesBuildPhase;
			buildActionMask = 2147483647;
			files = (
				32754BEA26C22CBE009C1D15 /* GithubUsersTests.swift in Sources */,
			);
			runOnlyForDeploymentPostprocessing = 0;
		};
		32754BEC26C22CBE009C1D15 /* Sources */ = {
			isa = PBXSourcesBuildPhase;
			buildActionMask = 2147483647;
			files = (
				32754BF526C22CBE009C1D15 /* GithubUsersUITests.swift in Sources */,
			);
			runOnlyForDeploymentPostprocessing = 0;
		};
/* End PBXSourcesBuildPhase section */

/* Begin PBXTargetDependency section */
		32754BE726C22CBE009C1D15 /* PBXTargetDependency */ = {
			isa = PBXTargetDependency;
			target = 32754BCB26C22CBA009C1D15 /* GithubUsers */;
			targetProxy = 32754BE626C22CBE009C1D15 /* PBXContainerItemProxy */;
		};
		32754BF226C22CBE009C1D15 /* PBXTargetDependency */ = {
			isa = PBXTargetDependency;
			target = 32754BCB26C22CBA009C1D15 /* GithubUsers */;
			targetProxy = 32754BF126C22CBE009C1D15 /* PBXContainerItemProxy */;
		};
/* End PBXTargetDependency section */

/* Begin PBXVariantGroup section */
		32754BD526C22CBA009C1D15 /* Main.storyboard */ = {
			isa = PBXVariantGroup;
			children = (
				32754BD626C22CBA009C1D15 /* Base */,
			);
			name = Main.storyboard;
			sourceTree = "<group>";
		};
		32754BDD26C22CBD009C1D15 /* LaunchScreen.storyboard */ = {
			isa = PBXVariantGroup;
			children = (
				32754BDE26C22CBD009C1D15 /* Base */,
			);
			name = LaunchScreen.storyboard;
			sourceTree = "<group>";
		};
/* End PBXVariantGroup section */

/* Begin XCBuildConfiguration section */
		32754BF726C22CBE009C1D15 /* Debug */ = {
			isa = XCBuildConfiguration;
			buildSettings = {
				ALWAYS_SEARCH_USER_PATHS = NO;
				CLANG_ANALYZER_NONNULL = YES;
				CLANG_ANALYZER_NUMBER_OBJECT_CONVERSION = YES_AGGRESSIVE;
				CLANG_CXX_LANGUAGE_STANDARD = "gnu++14";
				CLANG_CXX_LIBRARY = "libc++";
				CLANG_ENABLE_MODULES = YES;
				CLANG_ENABLE_OBJC_ARC = YES;
				CLANG_ENABLE_OBJC_WEAK = YES;
				CLANG_WARN_BLOCK_CAPTURE_AUTORELEASING = YES;
				CLANG_WARN_BOOL_CONVERSION = YES;
				CLANG_WARN_COMMA = YES;
				CLANG_WARN_CONSTANT_CONVERSION = YES;
				CLANG_WARN_DEPRECATED_OBJC_IMPLEMENTATIONS = YES;
				CLANG_WARN_DIRECT_OBJC_ISA_USAGE = YES_ERROR;
				CLANG_WARN_DOCUMENTATION_COMMENTS = YES;
				CLANG_WARN_EMPTY_BODY = YES;
				CLANG_WARN_ENUM_CONVERSION = YES;
				CLANG_WARN_INFINITE_RECURSION = YES;
				CLANG_WARN_INT_CONVERSION = YES;
				CLANG_WARN_NON_LITERAL_NULL_CONVERSION = YES;
				CLANG_WARN_OBJC_IMPLICIT_RETAIN_SELF = YES;
				CLANG_WARN_OBJC_LITERAL_CONVERSION = YES;
				CLANG_WARN_OBJC_ROOT_CLASS = YES_ERROR;
				CLANG_WARN_QUOTED_INCLUDE_IN_FRAMEWORK_HEADER = YES;
				CLANG_WARN_RANGE_LOOP_ANALYSIS = YES;
				CLANG_WARN_STRICT_PROTOTYPES = YES;
				CLANG_WARN_SUSPICIOUS_MOVE = YES;
				CLANG_WARN_UNGUARDED_AVAILABILITY = YES_AGGRESSIVE;
				CLANG_WARN_UNREACHABLE_CODE = YES;
				CLANG_WARN__DUPLICATE_METHOD_MATCH = YES;
				COPY_PHASE_STRIP = NO;
				DEBUG_INFORMATION_FORMAT = dwarf;
				ENABLE_STRICT_OBJC_MSGSEND = YES;
				ENABLE_TESTABILITY = YES;
				GCC_C_LANGUAGE_STANDARD = gnu11;
				GCC_DYNAMIC_NO_PIC = NO;
				GCC_NO_COMMON_BLOCKS = YES;
				GCC_OPTIMIZATION_LEVEL = 0;
				GCC_PREPROCESSOR_DEFINITIONS = (
					"DEBUG=1",
					"$(inherited)",
				);
				GCC_WARN_64_TO_32_BIT_CONVERSION = YES;
				GCC_WARN_ABOUT_RETURN_TYPE = YES_ERROR;
				GCC_WARN_UNDECLARED_SELECTOR = YES;
				GCC_WARN_UNINITIALIZED_AUTOS = YES_AGGRESSIVE;
				GCC_WARN_UNUSED_FUNCTION = YES;
				GCC_WARN_UNUSED_VARIABLE = YES;
				IPHONEOS_DEPLOYMENT_TARGET = 14.5;
				MTL_ENABLE_DEBUG_INFO = INCLUDE_SOURCE;
				MTL_FAST_MATH = YES;
				ONLY_ACTIVE_ARCH = YES;
				SDKROOT = iphoneos;
				SWIFT_ACTIVE_COMPILATION_CONDITIONS = DEBUG;
				SWIFT_OPTIMIZATION_LEVEL = "-Onone";
			};
			name = Debug;
		};
		32754BF826C22CBE009C1D15 /* Release */ = {
			isa = XCBuildConfiguration;
			buildSettings = {
				ALWAYS_SEARCH_USER_PATHS = NO;
				CLANG_ANALYZER_NONNULL = YES;
				CLANG_ANALYZER_NUMBER_OBJECT_CONVERSION = YES_AGGRESSIVE;
				CLANG_CXX_LANGUAGE_STANDARD = "gnu++14";
				CLANG_CXX_LIBRARY = "libc++";
				CLANG_ENABLE_MODULES = YES;
				CLANG_ENABLE_OBJC_ARC = YES;
				CLANG_ENABLE_OBJC_WEAK = YES;
				CLANG_WARN_BLOCK_CAPTURE_AUTORELEASING = YES;
				CLANG_WARN_BOOL_CONVERSION = YES;
				CLANG_WARN_COMMA = YES;
				CLANG_WARN_CONSTANT_CONVERSION = YES;
				CLANG_WARN_DEPRECATED_OBJC_IMPLEMENTATIONS = YES;
				CLANG_WARN_DIRECT_OBJC_ISA_USAGE = YES_ERROR;
				CLANG_WARN_DOCUMENTATION_COMMENTS = YES;
				CLANG_WARN_EMPTY_BODY = YES;
				CLANG_WARN_ENUM_CONVERSION = YES;
				CLANG_WARN_INFINITE_RECURSION = YES;
				CLANG_WARN_INT_CONVERSION = YES;
				CLANG_WARN_NON_LITERAL_NULL_CONVERSION = YES;
				CLANG_WARN_OBJC_IMPLICIT_RETAIN_SELF = YES;
				CLANG_WARN_OBJC_LITERAL_CONVERSION = YES;
				CLANG_WARN_OBJC_ROOT_CLASS = YES_ERROR;
				CLANG_WARN_QUOTED_INCLUDE_IN_FRAMEWORK_HEADER = YES;
				CLANG_WARN_RANGE_LOOP_ANALYSIS = YES;
				CLANG_WARN_STRICT_PROTOTYPES = YES;
				CLANG_WARN_SUSPICIOUS_MOVE = YES;
				CLANG_WARN_UNGUARDED_AVAILABILITY = YES_AGGRESSIVE;
				CLANG_WARN_UNREACHABLE_CODE = YES;
				CLANG_WARN__DUPLICATE_METHOD_MATCH = YES;
				COPY_PHASE_STRIP = NO;
				DEBUG_INFORMATION_FORMAT = "dwarf-with-dsym";
				ENABLE_NS_ASSERTIONS = NO;
				ENABLE_STRICT_OBJC_MSGSEND = YES;
				GCC_C_LANGUAGE_STANDARD = gnu11;
				GCC_NO_COMMON_BLOCKS = YES;
				GCC_WARN_64_TO_32_BIT_CONVERSION = YES;
				GCC_WARN_ABOUT_RETURN_TYPE = YES_ERROR;
				GCC_WARN_UNDECLARED_SELECTOR = YES;
				GCC_WARN_UNINITIALIZED_AUTOS = YES_AGGRESSIVE;
				GCC_WARN_UNUSED_FUNCTION = YES;
				GCC_WARN_UNUSED_VARIABLE = YES;
				IPHONEOS_DEPLOYMENT_TARGET = 14.5;
				MTL_ENABLE_DEBUG_INFO = NO;
				MTL_FAST_MATH = YES;
				SDKROOT = iphoneos;
				SWIFT_COMPILATION_MODE = wholemodule;
				SWIFT_OPTIMIZATION_LEVEL = "-O";
				VALIDATE_PRODUCT = YES;
			};
			name = Release;
		};
		32754BFA26C22CBE009C1D15 /* Debug */ = {
			isa = XCBuildConfiguration;
			buildSettings = {
				ASSETCATALOG_COMPILER_APPICON_NAME = AppIcon;
				ASSETCATALOG_COMPILER_GLOBAL_ACCENT_COLOR_NAME = AccentColor;
				CODE_SIGN_STYLE = Automatic;
				DEVELOPMENT_TEAM = Z2S78UX6KB;
				INFOPLIST_FILE = GithubUsers/Info.plist;
				LD_RUNPATH_SEARCH_PATHS = (
					"$(inherited)",
					"@executable_path/Frameworks",
				);
				PRODUCT_BUNDLE_IDENTIFIER = com.thinhle.GithubUsers;
				PRODUCT_NAME = "$(TARGET_NAME)";
				SWIFT_VERSION = 5.0;
				TARGETED_DEVICE_FAMILY = "1,2";
			};
			name = Debug;
		};
		32754BFB26C22CBE009C1D15 /* Release */ = {
			isa = XCBuildConfiguration;
			buildSettings = {
				ASSETCATALOG_COMPILER_APPICON_NAME = AppIcon;
				ASSETCATALOG_COMPILER_GLOBAL_ACCENT_COLOR_NAME = AccentColor;
				CODE_SIGN_STYLE = Automatic;
				DEVELOPMENT_TEAM = Z2S78UX6KB;
				INFOPLIST_FILE = GithubUsers/Info.plist;
				LD_RUNPATH_SEARCH_PATHS = (
					"$(inherited)",
					"@executable_path/Frameworks",
				);
				PRODUCT_BUNDLE_IDENTIFIER = com.thinhle.GithubUsers;
				PRODUCT_NAME = "$(TARGET_NAME)";
				SWIFT_VERSION = 5.0;
				TARGETED_DEVICE_FAMILY = "1,2";
			};
			name = Release;
		};
		32754BFD26C22CBE009C1D15 /* Debug */ = {
			isa = XCBuildConfiguration;
			buildSettings = {
				ALWAYS_EMBED_SWIFT_STANDARD_LIBRARIES = YES;
				BUNDLE_LOADER = "$(TEST_HOST)";
				CODE_SIGN_STYLE = Automatic;
				DEVELOPMENT_TEAM = Z2S78UX6KB;
				INFOPLIST_FILE = GithubUsersTests/Info.plist;
				IPHONEOS_DEPLOYMENT_TARGET = 14.5;
				LD_RUNPATH_SEARCH_PATHS = (
					"$(inherited)",
					"@executable_path/Frameworks",
					"@loader_path/Frameworks",
				);
				PRODUCT_BUNDLE_IDENTIFIER = com.thinhle.GithubUsersTests;
				PRODUCT_NAME = "$(TARGET_NAME)";
				SWIFT_VERSION = 5.0;
				TARGETED_DEVICE_FAMILY = "1,2";
				TEST_HOST = "$(BUILT_PRODUCTS_DIR)/GithubUsers.app/GithubUsers";
			};
			name = Debug;
		};
		32754BFE26C22CBE009C1D15 /* Release */ = {
			isa = XCBuildConfiguration;
			buildSettings = {
				ALWAYS_EMBED_SWIFT_STANDARD_LIBRARIES = YES;
				BUNDLE_LOADER = "$(TEST_HOST)";
				CODE_SIGN_STYLE = Automatic;
				DEVELOPMENT_TEAM = Z2S78UX6KB;
				INFOPLIST_FILE = GithubUsersTests/Info.plist;
				IPHONEOS_DEPLOYMENT_TARGET = 14.5;
				LD_RUNPATH_SEARCH_PATHS = (
					"$(inherited)",
					"@executable_path/Frameworks",
					"@loader_path/Frameworks",
				);
				PRODUCT_BUNDLE_IDENTIFIER = com.thinhle.GithubUsersTests;
				PRODUCT_NAME = "$(TARGET_NAME)";
				SWIFT_VERSION = 5.0;
				TARGETED_DEVICE_FAMILY = "1,2";
				TEST_HOST = "$(BUILT_PRODUCTS_DIR)/GithubUsers.app/GithubUsers";
			};
			name = Release;
		};
		32754C0026C22CBE009C1D15 /* Debug */ = {
			isa = XCBuildConfiguration;
			buildSettings = {
				ALWAYS_EMBED_SWIFT_STANDARD_LIBRARIES = YES;
				CODE_SIGN_STYLE = Automatic;
				DEVELOPMENT_TEAM = Z2S78UX6KB;
				INFOPLIST_FILE = GithubUsersUITests/Info.plist;
				LD_RUNPATH_SEARCH_PATHS = (
					"$(inherited)",
					"@executable_path/Frameworks",
					"@loader_path/Frameworks",
				);
				PRODUCT_BUNDLE_IDENTIFIER = com.thinhle.GithubUsersUITests;
				PRODUCT_NAME = "$(TARGET_NAME)";
				SWIFT_VERSION = 5.0;
				TARGETED_DEVICE_FAMILY = "1,2";
				TEST_TARGET_NAME = GithubUsers;
			};
			name = Debug;
		};
		32754C0126C22CBE009C1D15 /* Release */ = {
			isa = XCBuildConfiguration;
			buildSettings = {
				ALWAYS_EMBED_SWIFT_STANDARD_LIBRARIES = YES;
				CODE_SIGN_STYLE = Automatic;
				DEVELOPMENT_TEAM = Z2S78UX6KB;
				INFOPLIST_FILE = GithubUsersUITests/Info.plist;
				LD_RUNPATH_SEARCH_PATHS = (
					"$(inherited)",
					"@executable_path/Frameworks",
					"@loader_path/Frameworks",
				);
				PRODUCT_BUNDLE_IDENTIFIER = com.thinhle.GithubUsersUITests;
				PRODUCT_NAME = "$(TARGET_NAME)";
				SWIFT_VERSION = 5.0;
				TARGETED_DEVICE_FAMILY = "1,2";
				TEST_TARGET_NAME = GithubUsers;
			};
			name = Release;
		};
/* End XCBuildConfiguration section */

/* Begin XCConfigurationList section */
		32754BC726C22CBA009C1D15 /* Build configuration list for PBXProject "GithubUsers" */ = {
			isa = XCConfigurationList;
			buildConfigurations = (
				32754BF726C22CBE009C1D15 /* Debug */,
				32754BF826C22CBE009C1D15 /* Release */,
			);
			defaultConfigurationIsVisible = 0;
			defaultConfigurationName = Release;
		};
		32754BF926C22CBE009C1D15 /* Build configuration list for PBXNativeTarget "GithubUsers" */ = {
			isa = XCConfigurationList;
			buildConfigurations = (
				32754BFA26C22CBE009C1D15 /* Debug */,
				32754BFB26C22CBE009C1D15 /* Release */,
			);
			defaultConfigurationIsVisible = 0;
			defaultConfigurationName = Release;
		};
		32754BFC26C22CBE009C1D15 /* Build configuration list for PBXNativeTarget "GithubUsersTests" */ = {
			isa = XCConfigurationList;
			buildConfigurations = (
				32754BFD26C22CBE009C1D15 /* Debug */,
				32754BFE26C22CBE009C1D15 /* Release */,
			);
			defaultConfigurationIsVisible = 0;
			defaultConfigurationName = Release;
		};
		32754BFF26C22CBE009C1D15 /* Build configuration list for PBXNativeTarget "GithubUsersUITests" */ = {
			isa = XCConfigurationList;
			buildConfigurations = (
				32754C0026C22CBE009C1D15 /* Debug */,
				32754C0126C22CBE009C1D15 /* Release */,
			);
			defaultConfigurationIsVisible = 0;
			defaultConfigurationName = Release;
		};
/* End XCConfigurationList section */

/* Begin XCVersionGroup section */
		32754BD826C22CBA009C1D15 /* GithubUsers.xcdatamodeld */ = {
			isa = XCVersionGroup;
			children = (
				32754BD926C22CBA009C1D15 /* GithubUsers.xcdatamodel */,
			);
			currentVersion = 32754BD926C22CBA009C1D15 /* GithubUsers.xcdatamodel */;
			path = GithubUsers.xcdatamodeld;
			sourceTree = "<group>";
			versionGroupType = wrapper.xcdatamodel;
		};
/* End XCVersionGroup section */
	};
	rootObject = 32754BC426C22CBA009C1D15 /* Project object */;
}
